
Microsoft Visual Studio Solution File, Format Version 12.00
# Visual Studio Version 17
VisualStudioVersion = 17.14.37710.0 d17.14
MinimumVisualStudioVersion = 10.0.40219.1
Project("{FAE04EC0-301F-11D3-BF4B-00C04F79EFBC}") = "QuanLyKhachSan", "QuanLyKhachSan\QuanLyKhachSan.csproj", "{191BE41F-9AE1-4390-97B6-0EFB57866EFD}"
EndProject
Global
	GlobalSection(SolutionConfigurationPlatforms) = preSolution
		Debug|Any CPU = Debug|Any CPU
		Release|Any CPU = Release|Any CPU
	EndGlobalSection
	GlobalSection(ProjectConfigurationPlatforms) = postSolution
		{191BE41F-9AE1-4390-97B6-0EFB57866EFD}.Debug|Any CPU.ActiveCfg = Debug|Any CPU
		{191BE41F-9AE1-4390-97B6-0EFB57866EFD}.Debug|Any CPU.Build.0 = Debug|Any CPU
		{191BE41F-9AE1-4390-97B6-0EFB57866EFD}.Release|Any CPU.ActiveCfg = Release|Any CPU
		{191BE41F-9AE1-4390-97B6-0EFB57866EFD}.Release|Any CPU.Build.0 = Release|Any CPU
	EndGlobalSection
	GlobalSection(SolutionProperties) = preSolution
		HideSolutionNode = FALSE
	EndGlobalSection
	GlobalSection(ExtensibilityGlobals) = postSolution
		SolutionGuid = {AEE3F3C2-3F90-4CD3-9BCD-D9D9F53FC4E6}
	EndGlobalSection
EndGlobal
